
Microsoft Visual Studio Solution File, Format Version 12.00
# Visual Studio Version 16
VisualStudioVersion = 16.0.29519.87
MinimumVisualStudioVersion = 10.0.40219.1
Project("{FAE04EC0-301F-11D3-BF4B-00C04F79EFBC}") = "EMBATC", "EMBATC\EMBATC.csproj", "{215CDFD6-8B5A-4EB5-859A-31DF943886D1}"
EndProject
Global
	GlobalSection(SolutionConfigurationPlatforms) = preSolution
		Debug|Any CPU = Debug|Any CPU
		Release|Any CPU = Release|Any CPU
	EndGlobalSection
	GlobalSection(ProjectConfigurationPlatforms) = postSolution
		{215CDFD6-8B5A-4EB5-859A-31DF943886D1}.Debug|Any CPU.ActiveCfg = Debug|Any CPU
		{215CDFD6-8B5A-4EB5-859A-31DF943886D1}.Debug|Any CPU.Build.0 = Debug|Any CPU
		{215CDFD6-8B5A-4EB5-859A-31DF943886D1}.Release|Any CPU.ActiveCfg = Release|Any CPU
		{215CDFD6-8B5A-4EB5-859A-31DF943886D1}.Release|Any CPU.Build.0 = Release|Any CPU
	EndGlobalSection
	GlobalSection(SolutionProperties) = preSolution
		HideSolutionNode = FALSE
	EndGlobalSection
	GlobalSection(ExtensibilityGlobals) = postSolution
		SolutionGuid = {604AC501-5817-48C9-91E3-3443452DBEE7}
	EndGlobalSection
EndGlobal
